
Microsoft Visual Studio Solution File, Format Version 12.00
# Visual Studio Version 17
VisualStudioVersion = 17.6.33513.286
MinimumVisualStudioVersion = 15.0.26124.0
Project("{2150E333-8FDC-42A3-9474-1A3956D46DE8}") = "src", "src", "{7F26A7DC-6335-4CDE-A13C-D7905723C57E}"
EndProject
Project("{9A19103F-16F7-4668-BE54-9A1E7A4F7556}") = "dotnet.challenge.api", "src\sage.challenge.api\dotnet.challenge.api.csproj", "{8F2B0AA9-A88B-4E9A-B68B-CABE491A181C}"
EndProject
Project("{9A19103F-16F7-4668-BE54-9A1E7A4F7556}") = "dotnet.challenge.data", "src\sage.challenge.data\dotnet.challenge.data.csproj", "{71866096-4B4E-4120-9B39-6445FA43D298}"
EndProject
Global
	GlobalSection(SolutionConfigurationPlatforms) = preSolution
		Debug|Any CPU = Debug|Any CPU
		Debug|x64 = Debug|x64
		Debug|x86 = Debug|x86
		Release|Any CPU = Release|Any CPU
		Release|x64 = Release|x64
		Release|x86 = Release|x86
	EndGlobalSection
	GlobalSection(ProjectConfigurationPlatforms) = postSolution
		{8F2B0AA9-A88B-4E9A-B68B-CABE491A181C}.Debug|Any CPU.ActiveCfg = Debug|Any CPU
		{8F2B0AA9-A88B-4E9A-B68B-CABE491A181C}.Debug|Any CPU.Build.0 = Debug|Any CPU
		{8F2B0AA9-A88B-4E9A-B68B-CABE491A181C}.Debug|x64.ActiveCfg = Debug|Any CPU
		{8F2B0AA9-A88B-4E9A-B68B-CABE491A181C}.Debug|x64.Build.0 = Debug|Any CPU
		{8F2B0AA9-A88B-4E9A-B68B-CABE491A181C}.Debug|x86.ActiveCfg = Debug|Any CPU
		{8F2B0AA9-A88B-4E9A-B68B-CABE491A181C}.Debug|x86.Build.0 = Debug|Any CPU
		{8F2B0AA9-A88B-4E9A-B68B-CABE491A181C}.Release|Any CPU.ActiveCfg = Release|Any CPU
		{8F2B0AA9-A88B-4E9A-B68B-CABE491A181C}.Release|Any CPU.Build.0 = Release|Any CPU
		{8F2B0AA9-A88B-4E9A-B68B-CABE491A181C}.Release|x64.ActiveCfg = Release|Any CPU
		{8F2B0AA9-A88B-4E9A-B68B-CABE491A181C}.Release|x64.Build.0 = Release|Any CPU
		{8F2B0AA9-A88B-4E9A-B68B-CABE491A181C}.Release|x86.ActiveCfg = Release|Any CPU
		{8F2B0AA9-A88B-4E9A-B68B-CABE491A181C}.Release|x86.Build.0 = Release|Any CPU
		{71866096-4B4E-4120-9B39-6445FA43D298}.Debug|Any CPU.ActiveCfg = Debug|Any CPU
		{71866096-4B4E-4120-9B39-6445FA43D298}.Debug|Any CPU.Build.0 = Debug|Any CPU
		{71866096-4B4E-4120-9B39-6445FA43D298}.Debug|x64.ActiveCfg = Debug|Any CPU
		{71866096-4B4E-4120-9B39-6445FA43D298}.Debug|x64.Build.0 = Debug|Any CPU
		{71866096-4B4E-4120-9B39-6445FA43D298}.Debug|x86.ActiveCfg = Debug|Any CPU
		{71866096-4B4E-4120-9B39-6445FA43D298}.Debug|x86.Build.0 = Debug|Any CPU
		{71866096-4B4E-4120-9B39-6445FA43D298}.Release|Any CPU.ActiveCfg = Release|Any CPU
		{71866096-4B4E-4120-9B39-6445FA43D298}.Release|Any CPU.Build.0 = Release|Any CPU
		{71866096-4B4E-4120-9B39-6445FA43D298}.Release|x64.ActiveCfg = Release|Any CPU
		{71866096-4B4E-4120-9B39-6445FA43D298}.Release|x64.Build.0 = Release|Any CPU
		{71866096-4B4E-4120-9B39-6445FA43D298}.Release|x86.ActiveCfg = Release|Any CPU
		{71866096-4B4E-4120-9B39-6445FA43D298}.Release|x86.Build.0 = Release|Any CPU
	EndGlobalSection
	GlobalSection(SolutionProperties) = preSolution
		HideSolutionNode = FALSE
	EndGlobalSection
	GlobalSection(NestedProjects) = preSolution
		{8F2B0AA9-A88B-4E9A-B68B-CABE491A181C} = {7F26A7DC-6335-4CDE-A13C-D7905723C57E}
		{71866096-4B4E-4120-9B39-6445FA43D298} = {7F26A7DC-6335-4CDE-A13C-D7905723C57E}
	EndGlobalSection
	GlobalSection(ExtensibilityGlobals) = postSolution
		SolutionGuid = {7615CDFC-30D2-40D1-8C0D-5192493AA9D2}
	EndGlobalSection
EndGlobal
